
Microsoft Visual Studio Solution File, Format Version 12.00
# Visual Studio Version 17
VisualStudioVersion = 17.4.33103.184
MinimumVisualStudioVersion = 10.0.40219.1
Project("{FAE04EC0-301F-11D3-BF4B-00C04F79EFBC}") = "WebApi.Inlock.Codefirst_Manha", "WebApi.Inlock.Codefirst_Manha.csproj", "{17C09F7D-9A37-4143-8EB4-79C50802E651}"
EndProject
Global
	GlobalSection(SolutionConfigurationPlatforms) = preSolution
		Debug|Any CPU = Debug|Any CPU
		Release|Any CPU = Release|Any CPU
	EndGlobalSection
	GlobalSection(ProjectConfigurationPlatforms) = postSolution
		{17C09F7D-9A37-4143-8EB4-79C50802E651}.Debug|Any CPU.ActiveCfg = Debug|Any CPU
		{17C09F7D-9A37-4143-8EB4-79C50802E651}.Debug|Any CPU.Build.0 = Debug|Any CPU
		{17C09F7D-9A37-4143-8EB4-79C50802E651}.Release|Any CPU.ActiveCfg = Release|Any CPU
		{17C09F7D-9A37-4143-8EB4-79C50802E651}.Release|Any CPU.Build.0 = Release|Any CPU
	EndGlobalSection
	GlobalSection(SolutionProperties) = preSolution
		HideSolutionNode = FALSE
	EndGlobalSection
	GlobalSection(ExtensibilityGlobals) = postSolution
		SolutionGuid = {869451F1-0482-4CED-A452-B7721640B497}
	EndGlobalSection
EndGlobal
