
Microsoft Visual Studio Solution File, Format Version 12.00
# Visual Studio Version 17
VisualStudioVersion = 17.4.33103.184
MinimumVisualStudioVersion = 10.0.40219.1
Project("{FAE04EC0-301F-11D3-BF4B-00C04F79EFBC}") = "WebApi.Inlock_games_dbFirst_manha", "WebApi.Inlock_games_dbFirst_manha.csproj", "{64528FA6-A36D-45B5-B6CE-7E857C6E6881}"
EndProject
Global
	GlobalSection(SolutionConfigurationPlatforms) = preSolution
		Debug|Any CPU = Debug|Any CPU
		Release|Any CPU = Release|Any CPU
	EndGlobalSection
	GlobalSection(ProjectConfigurationPlatforms) = postSolution
		{64528FA6-A36D-45B5-B6CE-7E857C6E6881}.Debug|Any CPU.ActiveCfg = Debug|Any CPU
		{64528FA6-A36D-45B5-B6CE-7E857C6E6881}.Debug|Any CPU.Build.0 = Debug|Any CPU
		{64528FA6-A36D-45B5-B6CE-7E857C6E6881}.Release|Any CPU.ActiveCfg = Release|Any CPU
		{64528FA6-A36D-45B5-B6CE-7E857C6E6881}.Release|Any CPU.Build.0 = Release|Any CPU
	EndGlobalSection
	GlobalSection(SolutionProperties) = preSolution
		HideSolutionNode = FALSE
	EndGlobalSection
	GlobalSection(ExtensibilityGlobals) = postSolution
		SolutionGuid = {5118F9FA-D59D-47A9-A53F-7EECA7DC333D}
	EndGlobalSection
EndGlobal
